// !$*UTF8*$!
{
	archiveVersion = 1;
	classes = {
	};
	objectVersion = 48;
	objects = {

/* Begin PBXBuildFile section */
		3DE7553F1916197A13AA43ED /* Pods_Wadee_Instagram.framework in Frameworks */ = {isa = PBXBuildFile; fileRef = D70483C31FCC4AD4EDE872C2 /* Pods_Wadee_Instagram.framework */; };
		58120B862043E713004C9C01 /* ProfileCollectionViewHeaderCell.swift in Sources */ = {isa = PBXBuildFile; fileRef = 58120B852043E713004C9C01 /* ProfileCollectionViewHeaderCell.swift */; };
		58120B882043E79A004C9C01 /* HeaderCellViewModel.swift in Sources */ = {isa = PBXBuildFile; fileRef = 58120B872043E79A004C9C01 /* HeaderCellViewModel.swift */; };
		5813AD74203D460500149551 /* login.json in Resources */ = {isa = PBXBuildFile; fileRef = 5813AD73203D460500149551 /* login.json */; };
		5813AD79203D4C8800149551 /* Networking.swift in Sources */ = {isa = PBXBuildFile; fileRef = 5813AD78203D4C8800149551 /* Networking.swift */; };
		581445112075EABA00561F7A /* AuthComponent.swift in Sources */ = {isa = PBXBuildFile; fileRef = 581445102075EABA00561F7A /* AuthComponent.swift */; };
		582530EC2036FBFB003AB8A4 /* AppDelegate.swift in Sources */ = {isa = PBXBuildFile; fileRef = 582530EB2036FBFB003AB8A4 /* AppDelegate.swift */; };
		582530EE2036FBFB003AB8A4 /* ViewController.swift in Sources */ = {isa = PBXBuildFile; fileRef = 582530ED2036FBFB003AB8A4 /* ViewController.swift */; };
		582530F12036FBFB003AB8A4 /* Main.storyboard in Resources */ = {isa = PBXBuildFile; fileRef = 582530EF2036FBFB003AB8A4 /* Main.storyboard */; };
		582530F32036FBFB003AB8A4 /* Assets.xcassets in Resources */ = {isa = PBXBuildFile; fileRef = 582530F22036FBFB003AB8A4 /* Assets.xcassets */; };
		582530F62036FBFB003AB8A4 /* LaunchScreen.storyboard in Resources */ = {isa = PBXBuildFile; fileRef = 582530F42036FBFB003AB8A4 /* LaunchScreen.storyboard */; };
		582531012036FBFB003AB8A4 /* Wadee_InstagramTests.swift in Sources */ = {isa = PBXBuildFile; fileRef = 582531002036FBFB003AB8A4 /* Wadee_InstagramTests.swift */; };
		5825310C2036FBFB003AB8A4 /* Wadee_InstagramUITests.swift in Sources */ = {isa = PBXBuildFile; fileRef = 5825310B2036FBFB003AB8A4 /* Wadee_InstagramUITests.swift */; };
		582F133E2041F0DD000395E8 /* ProfileViewController.swift in Sources */ = {isa = PBXBuildFile; fileRef = 582F133D2041F0DD000395E8 /* ProfileViewController.swift */; };
		582F13402041F269000395E8 /* ProfileViewModel.swift in Sources */ = {isa = PBXBuildFile; fileRef = 582F133F2041F269000395E8 /* ProfileViewModel.swift */; };
		582F13422041F2CA000395E8 /* ProfileCoordinator.swift in Sources */ = {isa = PBXBuildFile; fileRef = 582F13412041F2CA000395E8 /* ProfileCoordinator.swift */; };
		582F134620420334000395E8 /* Exceptions.swift in Sources */ = {isa = PBXBuildFile; fileRef = 58D815752040063000E9F58E /* Exceptions.swift */; };
		582F134720420334000395E8 /* UserComponent.swift in Sources */ = {isa = PBXBuildFile; fileRef = 589DB8D0203F401C005CB8CC /* UserComponent.swift */; };
		582F134820420334000395E8 /* UIViewController.swift in Sources */ = {isa = PBXBuildFile; fileRef = 58D815772040180000E9F58E /* UIViewController.swift */; };
		582F134920420334000395E8 /* SimpleNetworkUtility.swift in Sources */ = {isa = PBXBuildFile; fileRef = 58D8157D2040B37800E9F58E /* SimpleNetworkUtility.swift */; };
		582F134A20420334000395E8 /* UIView.swift in Sources */ = {isa = PBXBuildFile; fileRef = 589DB8CC203F154E005CB8CC /* UIView.swift */; };
		582F134B20420334000395E8 /* LoginViewController.swift in Sources */ = {isa = PBXBuildFile; fileRef = 58D05AB3203B601F005B0298 /* LoginViewController.swift */; };
		582F134C20420334000395E8 /* ProfileViewController.swift in Sources */ = {isa = PBXBuildFile; fileRef = 582F133D2041F0DD000395E8 /* ProfileViewController.swift */; };
		582F134D20420334000395E8 /* Coordinator.swift in Sources */ = {isa = PBXBuildFile; fileRef = 58D05AAA203B5A60005B0298 /* Coordinator.swift */; };
		582F134E20420334000395E8 /* Validator.swift in Sources */ = {isa = PBXBuildFile; fileRef = 587166EE203CB1600012746F /* Validator.swift */; };
		582F134F20420334000395E8 /* Networking.swift in Sources */ = {isa = PBXBuildFile; fileRef = 5813AD78203D4C8800149551 /* Networking.swift */; };
		582F135020420334000395E8 /* NetworkLayer.swift in Sources */ = {isa = PBXBuildFile; fileRef = 58D8157B2040B1C600E9F58E /* NetworkLayer.swift */; };
		582F135220420334000395E8 /* ViewController.swift in Sources */ = {isa = PBXBuildFile; fileRef = 582530ED2036FBFB003AB8A4 /* ViewController.swift */; };
		582F135320420334000395E8 /* AppCoordinator.swift in Sources */ = {isa = PBXBuildFile; fileRef = 58D05AAC203B5A88005B0298 /* AppCoordinator.swift */; };
		582F135420420334000395E8 /* UIColor.swift in Sources */ = {isa = PBXBuildFile; fileRef = 58D05ABA203B619E005B0298 /* UIColor.swift */; };
		582F135520420334000395E8 /* ProfileViewModel.swift in Sources */ = {isa = PBXBuildFile; fileRef = 582F133F2041F269000395E8 /* ProfileViewModel.swift */; };
		582F135620420334000395E8 /* ProfileCoordinator.swift in Sources */ = {isa = PBXBuildFile; fileRef = 582F13412041F2CA000395E8 /* ProfileCoordinator.swift */; };
		582F135720420334000395E8 /* SignupViewController.swift in Sources */ = {isa = PBXBuildFile; fileRef = 589DB8C8203ECC75005CB8CC /* SignupViewController.swift */; };
		582F135820420334000395E8 /* LoginViewModel.swift in Sources */ = {isa = PBXBuildFile; fileRef = 58D05AB7203B603A005B0298 /* LoginViewModel.swift */; };
		582F135920420334000395E8 /* SignupViewModel.swift in Sources */ = {isa = PBXBuildFile; fileRef = 589DB8C5203ECC2E005CB8CC /* SignupViewModel.swift */; };
		582F135A20420334000395E8 /* AuthCoordinator.swift in Sources */ = {isa = PBXBuildFile; fileRef = 58D05AB1203B5F35005B0298 /* AuthCoordinator.swift */; };
		582F135B20420334000395E8 /* AppDelegate.swift in Sources */ = {isa = PBXBuildFile; fileRef = 582530EB2036FBFB003AB8A4 /* AppDelegate.swift */; };
		582F135C20420334000395E8 /* RootViewController.swift in Sources */ = {isa = PBXBuildFile; fileRef = 58677282203771410037CEF3 /* RootViewController.swift */; };
		582F135D20420334000395E8 /* User.swift in Sources */ = {isa = PBXBuildFile; fileRef = 58D81579204086CE00E9F58E /* User.swift */; };
		582F136120420334000395E8 /* signup.json in Resources */ = {isa = PBXBuildFile; fileRef = 589DB8D2203F4CFB005CB8CC /* signup.json */; };
		582F136220420334000395E8 /* LaunchScreen.storyboard in Resources */ = {isa = PBXBuildFile; fileRef = 582530F42036FBFB003AB8A4 /* LaunchScreen.storyboard */; };
		582F136320420334000395E8 /* Assets.xcassets in Resources */ = {isa = PBXBuildFile; fileRef = 582530F22036FBFB003AB8A4 /* Assets.xcassets */; };
		582F136420420334000395E8 /* Main.storyboard in Resources */ = {isa = PBXBuildFile; fileRef = 582530EF2036FBFB003AB8A4 /* Main.storyboard */; };
		582F136520420334000395E8 /* login.json in Resources */ = {isa = PBXBuildFile; fileRef = 5813AD73203D460500149551 /* login.json */; };
		583286292048795500DDACEB /* InstagramExceptions.swift in Sources */ = {isa = PBXBuildFile; fileRef = 583286282048795500DDACEB /* InstagramExceptions.swift */; };
		583D1F32206E3A0500748F0A /* ProfileImagePostCollectionViewCell.swift in Sources */ = {isa = PBXBuildFile; fileRef = 583D1F31206E3A0500748F0A /* ProfileImagePostCollectionViewCell.swift */; };
		58677283203771410037CEF3 /* RootViewController.swift in Sources */ = {isa = PBXBuildFile; fileRef = 58677282203771410037CEF3 /* RootViewController.swift */; };
		587166EF203CB1600012746F /* Validator.swift in Sources */ = {isa = PBXBuildFile; fileRef = 587166EE203CB1600012746F /* Validator.swift */; };
		588443EC206D3D4A0016528D /* UserProfileComponent.swift in Sources */ = {isa = PBXBuildFile; fileRef = 588443EB206D3D4A0016528D /* UserProfileComponent.swift */; };
		5891C4AE2088801A005AB5F9 /* ProfileHeaderCellViewModel.swift in Sources */ = {isa = PBXBuildFile; fileRef = 5891C4AD2088801A005AB5F9 /* ProfileHeaderCellViewModel.swift */; };
		589DB8C6203ECC2E005CB8CC /* SignupViewModel.swift in Sources */ = {isa = PBXBuildFile; fileRef = 589DB8C5203ECC2E005CB8CC /* SignupViewModel.swift */; };
		589DB8C9203ECC75005CB8CC /* SignupViewController.swift in Sources */ = {isa = PBXBuildFile; fileRef = 589DB8C8203ECC75005CB8CC /* SignupViewController.swift */; };
		589DB8CD203F154E005CB8CC /* UIView.swift in Sources */ = {isa = PBXBuildFile; fileRef = 589DB8CC203F154E005CB8CC /* UIView.swift */; };
		589DB8D1203F401C005CB8CC /* UserComponent.swift in Sources */ = {isa = PBXBuildFile; fileRef = 589DB8D0203F401C005CB8CC /* UserComponent.swift */; };
		589DB8D3203F4CFB005CB8CC /* signup.json in Resources */ = {isa = PBXBuildFile; fileRef = 589DB8D2203F4CFB005CB8CC /* signup.json */; };
		58B89FFF2063BA9D00C75FE2 /* UserPostComponent.swift in Sources */ = {isa = PBXBuildFile; fileRef = 58B89FFE2063BA9D00C75FE2 /* UserPostComponent.swift */; };
		58B8A0012063BE0900C75FE2 /* Post.swift in Sources */ = {isa = PBXBuildFile; fileRef = 58B8A0002063BE0900C75FE2 /* Post.swift */; };
		58B8A0032063C43E00C75FE2 /* SharePhotoViewModel.swift in Sources */ = {isa = PBXBuildFile; fileRef = 58B8A0022063C43E00C75FE2 /* SharePhotoViewModel.swift */; };
		58BAE787205EDFEB0015F02F /* PhotoSelectionHeaderCell.swift in Sources */ = {isa = PBXBuildFile; fileRef = 58BAE786205EDFEB0015F02F /* PhotoSelectionHeaderCell.swift */; };
		58BAE78A205EF83B0015F02F /* PhotoSharingViewController.swift in Sources */ = {isa = PBXBuildFile; fileRef = 58BAE789205EF83B0015F02F /* PhotoSharingViewController.swift */; };
		58CE1E9D205AD71C00BC8437 /* PhotoSelectionCell.swift in Sources */ = {isa = PBXBuildFile; fileRef = 58CE1E9C205AD71C00BC8437 /* PhotoSelectionCell.swift */; };
		58D05AAB203B5A60005B0298 /* Coordinator.swift in Sources */ = {isa = PBXBuildFile; fileRef = 58D05AAA203B5A60005B0298 /* Coordinator.swift */; };
		58D05AAD203B5A88005B0298 /* AppCoordinator.swift in Sources */ = {isa = PBXBuildFile; fileRef = 58D05AAC203B5A88005B0298 /* AppCoordinator.swift */; };
		58D05AB2203B5F35005B0298 /* AuthCoordinator.swift in Sources */ = {isa = PBXBuildFile; fileRef = 58D05AB1203B5F35005B0298 /* AuthCoordinator.swift */; };
		58D05AB4203B601F005B0298 /* LoginViewController.swift in Sources */ = {isa = PBXBuildFile; fileRef = 58D05AB3203B601F005B0298 /* LoginViewController.swift */; };
		58D05AB8203B603A005B0298 /* LoginViewModel.swift in Sources */ = {isa = PBXBuildFile; fileRef = 58D05AB7203B603A005B0298 /* LoginViewModel.swift */; };
		58D05ABB203B619E005B0298 /* UIColor.swift in Sources */ = {isa = PBXBuildFile; fileRef = 58D05ABA203B619E005B0298 /* UIColor.swift */; };
		58D31F1E207A8EC600FE7E2B /* HomeViewController.swift in Sources */ = {isa = PBXBuildFile; fileRef = 58D31F1D207A8EC600FE7E2B /* HomeViewController.swift */; };
		58D31F21207A927000FE7E2B /* HomeCollectionViewCell.swift in Sources */ = {isa = PBXBuildFile; fileRef = 58D31F20207A927000FE7E2B /* HomeCollectionViewCell.swift */; };
		58D55C5E2089DDA90016E80C /* UserFellowshipComponent.swift in Sources */ = {isa = PBXBuildFile; fileRef = 58D55C5D2089DDA90016E80C /* UserFellowshipComponent.swift */; };
		58D815762040063000E9F58E /* Exceptions.swift in Sources */ = {isa = PBXBuildFile; fileRef = 58D815752040063000E9F58E /* Exceptions.swift */; };
		58D815782040180000E9F58E /* UIViewController.swift in Sources */ = {isa = PBXBuildFile; fileRef = 58D815772040180000E9F58E /* UIViewController.swift */; };
		58D8157A204086CE00E9F58E /* User.swift in Sources */ = {isa = PBXBuildFile; fileRef = 58D81579204086CE00E9F58E /* User.swift */; };
		58D8157C2040B1C600E9F58E /* NetworkLayer.swift in Sources */ = {isa = PBXBuildFile; fileRef = 58D8157B2040B1C600E9F58E /* NetworkLayer.swift */; };
		58D8157E2040B37800E9F58E /* SimpleNetworkUtility.swift in Sources */ = {isa = PBXBuildFile; fileRef = 58D8157D2040B37800E9F58E /* SimpleNetworkUtility.swift */; };
		58E36F80207F675D0006234E /* UIImageView.swift in Sources */ = {isa = PBXBuildFile; fileRef = 58E36F7F207F675D0006234E /* UIImageView.swift */; };
		58E36F83207F7F3E0006234E /* SearchUsersViewController.swift in Sources */ = {isa = PBXBuildFile; fileRef = 58E36F82207F7F3E0006234E /* SearchUsersViewController.swift */; };
		58E36F86207F8A470006234E /* SearchUsersViewControllerCell.swift in Sources */ = {isa = PBXBuildFile; fileRef = 58E36F85207F8A470006234E /* SearchUsersViewControllerCell.swift */; };
		58E524312083D29500266FC2 /* SearchUsersCoordinator.swift in Sources */ = {isa = PBXBuildFile; fileRef = 58E524302083D29500266FC2 /* SearchUsersCoordinator.swift */; };
		58E524332083E36500266FC2 /* UserUtil.swift in Sources */ = {isa = PBXBuildFile; fileRef = 58E524322083E36500266FC2 /* UserUtil.swift */; };
		58E5406820527A1200F461E3 /* InstagtamMainBarController.swift in Sources */ = {isa = PBXBuildFile; fileRef = 58E5406720527A1200F461E3 /* InstagtamMainBarController.swift */; };
		58E5406A2052823700F461E3 /* MainBarCoordinator.swift in Sources */ = {isa = PBXBuildFile; fileRef = 58E540692052823700F461E3 /* MainBarCoordinator.swift */; };
		58E5406C2052A8E700F461E3 /* InstagramBaseViewModel.swift in Sources */ = {isa = PBXBuildFile; fileRef = 58E5406B2052A8E700F461E3 /* InstagramBaseViewModel.swift */; };
		58E540752052EE6300F461E3 /* PhotoSelectionViewController.swift in Sources */ = {isa = PBXBuildFile; fileRef = 58E540742052EE6300F461E3 /* PhotoSelectionViewController.swift */; };
		58E540772052EE9200F461E3 /* PhotoSelectionCoordinator.swift in Sources */ = {isa = PBXBuildFile; fileRef = 58E540762052EE9200F461E3 /* PhotoSelectionCoordinator.swift */; };
		58E540792052EEDE00F461E3 /* PhotoSelectionViewModel.swift in Sources */ = {isa = PBXBuildFile; fileRef = 58E540782052EEDE00F461E3 /* PhotoSelectionViewModel.swift */; };
		A6AAD14DAF1CAE7EF48480F1 /* Pods_Wadee_InstagramTests.framework in Frameworks */ = {isa = PBXBuildFile; fileRef = F91A6871D9713DA908D30AA1 /* Pods_Wadee_InstagramTests.framework */; };
		AAE24F70E3D37958F420FC25 /* Pods_Wadee_Instagram.framework in Frameworks */ = {isa = PBXBuildFile; fileRef = D70483C31FCC4AD4EDE872C2 /* Pods_Wadee_Instagram.framework */; };
		E2240F3B1532A3EC5EEE1B02 /* Pods_Wadee_InstagramUITests.framework in Frameworks */ = {isa = PBXBuildFile; fileRef = EC2860A899B17026B9F13E4C /* Pods_Wadee_InstagramUITests.framework */; };
/* End PBXBuildFile section */

/* Begin PBXContainerItemProxy section */
		582530FD2036FBFB003AB8A4 /* PBXContainerItemProxy */ = {
			isa = PBXContainerItemProxy;
			containerPortal = 582530E02036FBFB003AB8A4 /* Project object */;
			proxyType = 1;
			remoteGlobalIDString = 582530E72036FBFB003AB8A4;
			remoteInfo = Wadee_Instagram;
		};
		582531082036FBFB003AB8A4 /* PBXContainerItemProxy */ = {
			isa = PBXContainerItemProxy;
			containerPortal = 582530E02036FBFB003AB8A4 /* Project object */;
			proxyType = 1;
			remoteGlobalIDString = 582530E72036FBFB003AB8A4;
			remoteInfo = Wadee_Instagram;
		};
/* End PBXContainerItemProxy section */

/* Begin PBXFileReference section */
		58120B852043E713004C9C01 /* ProfileCollectionViewHeaderCell.swift */ = {isa = PBXFileReference; lastKnownFileType = sourcecode.swift; path = ProfileCollectionViewHeaderCell.swift; sourceTree = "<group>"; };
		58120B872043E79A004C9C01 /* HeaderCellViewModel.swift */ = {isa = PBXFileReference; lastKnownFileType = sourcecode.swift; path = HeaderCellViewModel.swift; sourceTree = "<group>"; };
		5813AD73203D460500149551 /* login.json */ = {isa = PBXFileReference; lastKnownFileType = text.json; path = login.json; sourceTree = "<group>"; };
		5813AD78203D4C8800149551 /* Networking.swift */ = {isa = PBXFileReference; lastKnownFileType = sourcecode.swift; path = Networking.swift; sourceTree = "<group>"; };
		581445102075EABA00561F7A /* AuthComponent.swift */ = {isa = PBXFileReference; lastKnownFileType = sourcecode.swift; path = AuthComponent.swift; sourceTree = "<group>"; };
		582530E82036FBFB003AB8A4 /* Wadee_Instagram.app */ = {isa = PBXFileReference; explicitFileType = wrapper.application; includeInIndex = 0; path = Wadee_Instagram.app; sourceTree = BUILT_PRODUCTS_DIR; };
		582530EB2036FBFB003AB8A4 /* AppDelegate.swift */ = {isa = PBXFileReference; lastKnownFileType = sourcecode.swift; path = AppDelegate.swift; sourceTree = "<group>"; };
		582530ED2036FBFB003AB8A4 /* ViewController.swift */ = {isa = PBXFileReference; lastKnownFileType = sourcecode.swift; path = ViewController.swift; sourceTree = "<group>"; };
		582530F02036FBFB003AB8A4 /* Base */ = {isa = PBXFileReference; lastKnownFileType = file.storyboard; name = Base; path = Base.lproj/Main.storyboard; sourceTree = "<group>"; };
		582530F22036FBFB003AB8A4 /* Assets.xcassets */ = {isa = PBXFileReference; lastKnownFileType = folder.assetcatalog; path = Assets.xcassets; sourceTree = "<group>"; };
		582530F52036FBFB003AB8A4 /* Base */ = {isa = PBXFileReference; lastKnownFileType = file.storyboard; name = Base; path = Base.lproj/LaunchScreen.storyboard; sourceTree = "<group>"; };
		582530F72036FBFB003AB8A4 /* Info.plist */ = {isa = PBXFileReference; lastKnownFileType = text.plist.xml; path = Info.plist; sourceTree = "<group>"; };
		582530FC2036FBFB003AB8A4 /* Wadee_InstagramTests.xctest */ = {isa = PBXFileReference; explicitFileType = wrapper.cfbundle; includeInIndex = 0; path = Wadee_InstagramTests.xctest; sourceTree = BUILT_PRODUCTS_DIR; };
		582531002036FBFB003AB8A4 /* Wadee_InstagramTests.swift */ = {isa = PBXFileReference; lastKnownFileType = sourcecode.swift; path = Wadee_InstagramTests.swift; sourceTree = "<group>"; };
		582531022036FBFB003AB8A4 /* Info.plist */ = {isa = PBXFileReference; lastKnownFileType = text.plist.xml; path = Info.plist; sourceTree = "<group>"; };
		582531072036FBFB003AB8A4 /* Wadee_InstagramUITests.xctest */ = {isa = PBXFileReference; explicitFileType = wrapper.cfbundle; includeInIndex = 0; path = Wadee_InstagramUITests.xctest; sourceTree = BUILT_PRODUCTS_DIR; };
		5825310B2036FBFB003AB8A4 /* Wadee_InstagramUITests.swift */ = {isa = PBXFileReference; lastKnownFileType = sourcecode.swift; path = Wadee_InstagramUITests.swift; sourceTree = "<group>"; };
		5825310D2036FBFB003AB8A4 /* Info.plist */ = {isa = PBXFileReference; lastKnownFileType = text.plist.xml; path = Info.plist; sourceTree = "<group>"; };
		582F133D2041F0DD000395E8 /* ProfileViewController.swift */ = {isa = PBXFileReference; lastKnownFileType = sourcecode.swift; path = ProfileViewController.swift; sourceTree = "<group>"; };
		582F133F2041F269000395E8 /* ProfileViewModel.swift */ = {isa = PBXFileReference; lastKnownFileType = sourcecode.swift; path = ProfileViewModel.swift; sourceTree = "<group>"; };
		582F13412041F2CA000395E8 /* ProfileCoordinator.swift */ = {isa = PBXFileReference; lastKnownFileType = sourcecode.swift; path = ProfileCoordinator.swift; sourceTree = "<group>"; };
		582F136B20420334000395E8 /* Wadee_Instagram Dev.app */ = {isa = PBXFileReference; explicitFileType = wrapper.application; includeInIndex = 0; path = "Wadee_Instagram Dev.app"; sourceTree = BUILT_PRODUCTS_DIR; };
		582F136C20420335000395E8 /* Wadee_Instagram copy-Info.plist */ = {isa = PBXFileReference; lastKnownFileType = text.plist.xml; name = "Wadee_Instagram copy-Info.plist"; path = "/Users/Wadee/Desktop/XCode Projects/Wadee_Instagram/Wadee_Instagram copy-Info.plist"; sourceTree = "<absolute>"; };
		583286282048795500DDACEB /* InstagramExceptions.swift */ = {isa = PBXFileReference; lastKnownFileType = sourcecode.swift; path = InstagramExceptions.swift; sourceTree = "<group>"; };
		583D1F31206E3A0500748F0A /* ProfileImagePostCollectionViewCell.swift */ = {isa = PBXFileReference; lastKnownFileType = sourcecode.swift; path = ProfileImagePostCollectionViewCell.swift; sourceTree = "<group>"; };
		58677282203771410037CEF3 /* RootViewController.swift */ = {isa = PBXFileReference; lastKnownFileType = sourcecode.swift; path = RootViewController.swift; sourceTree = "<group>"; };
		587166EE203CB1600012746F /* Validator.swift */ = {isa = PBXFileReference; lastKnownFileType = sourcecode.swift; path = Validator.swift; sourceTree = "<group>"; };
		588443EB206D3D4A0016528D /* UserProfileComponent.swift */ = {isa = PBXFileReference; lastKnownFileType = sourcecode.swift; path = UserProfileComponent.swift; sourceTree = "<group>"; };
		5891C4AD2088801A005AB5F9 /* ProfileHeaderCellViewModel.swift */ = {isa = PBXFileReference; lastKnownFileType = sourcecode.swift; path = ProfileHeaderCellViewModel.swift; sourceTree = "<group>"; };
		589DB8C5203ECC2E005CB8CC /* SignupViewModel.swift */ = {isa = PBXFileReference; lastKnownFileType = sourcecode.swift; path = SignupViewModel.swift; sourceTree = "<group>"; };
		589DB8C8203ECC75005CB8CC /* SignupViewController.swift */ = {isa = PBXFileReference; lastKnownFileType = sourcecode.swift; path = SignupViewController.swift; sourceTree = "<group>"; };
		589DB8CC203F154E005CB8CC /* UIView.swift */ = {isa = PBXFileReference; lastKnownFileType = sourcecode.swift; path = UIView.swift; sourceTree = "<group>"; };
		589DB8D0203F401C005CB8CC /* UserComponent.swift */ = {isa = PBXFileReference; lastKnownFileType = sourcecode.swift; path = UserComponent.swift; sourceTree = "<group>"; };
		589DB8D2203F4CFB005CB8CC /* signup.json */ = {isa = PBXFileReference; lastKnownFileType = text.json; path = signup.json; sourceTree = "<group>"; };
		58B89FFE2063BA9D00C75FE2 /* UserPostComponent.swift */ = {isa = PBXFileReference; lastKnownFileType = sourcecode.swift; path = UserPostComponent.swift; sourceTree = "<group>"; };
		58B8A0002063BE0900C75FE2 /* Post.swift */ = {isa = PBXFileReference; lastKnownFileType = sourcecode.swift; path = Post.swift; sourceTree = "<group>"; };
		58B8A0022063C43E00C75FE2 /* SharePhotoViewModel.swift */ = {isa = PBXFileReference; lastKnownFileType = sourcecode.swift; path = SharePhotoViewModel.swift; sourceTree = "<group>"; };
		58BAE786205EDFEB0015F02F /* PhotoSelectionHeaderCell.swift */ = {isa = PBXFileReference; lastKnownFileType = sourcecode.swift; path = PhotoSelectionHeaderCell.swift; sourceTree = "<group>"; };
		58BAE789205EF83B0015F02F /* PhotoSharingViewController.swift */ = {isa = PBXFileReference; lastKnownFileType = sourcecode.swift; path = PhotoSharingViewController.swift; sourceTree = "<group>"; };
		58CE1E9C205AD71C00BC8437 /* PhotoSelectionCell.swift */ = {isa = PBXFileReference; lastKnownFileType = sourcecode.swift; path = PhotoSelectionCell.swift; sourceTree = "<group>"; };
		58D05AAA203B5A60005B0298 /* Coordinator.swift */ = {isa = PBXFileReference; lastKnownFileType = sourcecode.swift; path = Coordinator.swift; sourceTree = "<group>"; };
		58D05AAC203B5A88005B0298 /* AppCoordinator.swift */ = {isa = PBXFileReference; lastKnownFileType = sourcecode.swift; path = AppCoordinator.swift; sourceTree = "<group>"; };
		58D05AB1203B5F35005B0298 /* AuthCoordinator.swift */ = {isa = PBXFileReference; lastKnownFileType = sourcecode.swift; path = AuthCoordinator.swift; sourceTree = "<group>"; };
		58D05AB3203B601F005B0298 /* LoginViewController.swift */ = {isa = PBXFileReference; lastKnownFileType = sourcecode.swift; path = LoginViewController.swift; sourceTree = "<group>"; };
		58D05AB7203B603A005B0298 /* LoginViewModel.swift */ = {isa = PBXFileReference; lastKnownFileType = sourcecode.swift; path = LoginViewModel.swift; sourceTree = "<group>"; };
		58D05ABA203B619E005B0298 /* UIColor.swift */ = {isa = PBXFileReference; lastKnownFileType = sourcecode.swift; path = UIColor.swift; sourceTree = "<group>"; };
		58D31F1D207A8EC600FE7E2B /* HomeViewController.swift */ = {isa = PBXFileReference; lastKnownFileType = sourcecode.swift; path = HomeViewController.swift; sourceTree = "<group>"; };
		58D31F20207A927000FE7E2B /* HomeCollectionViewCell.swift */ = {isa = PBXFileReference; lastKnownFileType = sourcecode.swift; path = HomeCollectionViewCell.swift; sourceTree = "<group>"; };
		58D55C5D2089DDA90016E80C /* UserFellowshipComponent.swift */ = {isa = PBXFileReference; lastKnownFileType = sourcecode.swift; path = UserFellowshipComponent.swift; sourceTree = "<group>"; };
		58D815752040063000E9F58E /* Exceptions.swift */ = {isa = PBXFileReference; lastKnownFileType = sourcecode.swift; path = Exceptions.swift; sourceTree = "<group>"; };
		58D815772040180000E9F58E /* UIViewController.swift */ = {isa = PBXFileReference; lastKnownFileType = sourcecode.swift; path = UIViewController.swift; sourceTree = "<group>"; };
		58D81579204086CE00E9F58E /* User.swift */ = {isa = PBXFileReference; lastKnownFileType = sourcecode.swift; path = User.swift; sourceTree = "<group>"; };
		58D8157B2040B1C600E9F58E /* NetworkLayer.swift */ = {isa = PBXFileReference; lastKnownFileType = sourcecode.swift; path = NetworkLayer.swift; sourceTree = "<group>"; };
		58D8157D2040B37800E9F58E /* SimpleNetworkUtility.swift */ = {isa = PBXFileReference; lastKnownFileType = sourcecode.swift; path = SimpleNetworkUtility.swift; sourceTree = "<group>"; };
		58E36F7F207F675D0006234E /* UIImageView.swift */ = {isa = PBXFileReference; lastKnownFileType = sourcecode.swift; path = UIImageView.swift; sourceTree = "<group>"; };
		58E36F82207F7F3E0006234E /* SearchUsersViewController.swift */ = {isa = PBXFileReference; lastKnownFileType = sourcecode.swift; path = SearchUsersViewController.swift; sourceTree = "<group>"; };
		58E36F85207F8A470006234E /* SearchUsersViewControllerCell.swift */ = {isa = PBXFileReference; lastKnownFileType = sourcecode.swift; path = SearchUsersViewControllerCell.swift; sourceTree = "<group>"; };
		58E524302083D29500266FC2 /* SearchUsersCoordinator.swift */ = {isa = PBXFileReference; lastKnownFileType = sourcecode.swift; path = SearchUsersCoordinator.swift; sourceTree = "<group>"; };
		58E524322083E36500266FC2 /* UserUtil.swift */ = {isa = PBXFileReference; lastKnownFileType = sourcecode.swift; path = UserUtil.swift; sourceTree = "<group>"; };
		58E5406720527A1200F461E3 /* InstagtamMainBarController.swift */ = {isa = PBXFileReference; lastKnownFileType = sourcecode.swift; path = InstagtamMainBarController.swift; sourceTree = "<group>"; };
		58E540692052823700F461E3 /* MainBarCoordinator.swift */ = {isa = PBXFileReference; lastKnownFileType = sourcecode.swift; path = MainBarCoordinator.swift; sourceTree = "<group>"; };
		58E5406B2052A8E700F461E3 /* InstagramBaseViewModel.swift */ = {isa = PBXFileReference; lastKnownFileType = sourcecode.swift; path = InstagramBaseViewModel.swift; sourceTree = "<group>"; };
		58E540742052EE6300F461E3 /* PhotoSelectionViewController.swift */ = {isa = PBXFileReference; lastKnownFileType = sourcecode.swift; path = PhotoSelectionViewController.swift; sourceTree = "<group>"; };
		58E540762052EE9200F461E3 /* PhotoSelectionCoordinator.swift */ = {isa = PBXFileReference; lastKnownFileType = sourcecode.swift; name = PhotoSelectionCoordinator.swift; path = ../PhotoSelectionCoordinator.swift; sourceTree = "<group>"; };
		58E540782052EEDE00F461E3 /* PhotoSelectionViewModel.swift */ = {isa = PBXFileReference; lastKnownFileType = sourcecode.swift; path = PhotoSelectionViewModel.swift; sourceTree = "<group>"; };
		657DAFFA57BADBA60E4349B0 /* Pods-Wadee_Instagram.debug.xcconfig */ = {isa = PBXFileReference; includeInIndex = 1; lastKnownFileType = text.xcconfig; name = "Pods-Wadee_Instagram.debug.xcconfig"; path = "Pods/Target Support Files/Pods-Wadee_Instagram/Pods-Wadee_Instagram.debug.xcconfig"; sourceTree = "<group>"; };
		680D2EB7FF6459C38A47AC04 /* Pods-Wadee_InstagramTests.debug.xcconfig */ = {isa = PBXFileReference; includeInIndex = 1; lastKnownFileType = text.xcconfig; name = "Pods-Wadee_InstagramTests.debug.xcconfig"; path = "Pods/Target Support Files/Pods-Wadee_InstagramTests/Pods-Wadee_InstagramTests.debug.xcconfig"; sourceTree = "<group>"; };
		71ACC45E117715F738ECB770 /* Pods-Wadee_InstagramUITests.release.xcconfig */ = {isa = PBXFileReference; includeInIndex = 1; lastKnownFileType = text.xcconfig; name = "Pods-Wadee_InstagramUITests.release.xcconfig"; path = "Pods/Target Support Files/Pods-Wadee_InstagramUITests/Pods-Wadee_InstagramUITests.release.xcconfig"; sourceTree = "<group>"; };
		86176208F8C52A95564DE2CB /* Pods-Wadee_Instagram.release.xcconfig */ = {isa = PBXFileReference; includeInIndex = 1; lastKnownFileType = text.xcconfig; name = "Pods-Wadee_Instagram.release.xcconfig"; path = "Pods/Target Support Files/Pods-Wadee_Instagram/Pods-Wadee_Instagram.release.xcconfig"; sourceTree = "<group>"; };
		9F9DCA5E77D323522207C761 /* Pods-Wadee_InstagramUITests.debug.xcconfig */ = {isa = PBXFileReference; includeInIndex = 1; lastKnownFileType = text.xcconfig; name = "Pods-Wadee_InstagramUITests.debug.xcconfig"; path = "Pods/Target Support Files/Pods-Wadee_InstagramUITests/Pods-Wadee_InstagramUITests.debug.xcconfig"; sourceTree = "<group>"; };
		B81413816D17622E25DDAAF1 /* Pods-Wadee_InstagramTests.release.xcconfig */ = {isa = PBXFileReference; includeInIndex = 1; lastKnownFileType = text.xcconfig; name = "Pods-Wadee_InstagramTests.release.xcconfig"; path = "Pods/Target Support Files/Pods-Wadee_InstagramTests/Pods-Wadee_InstagramTests.release.xcconfig"; sourceTree = "<group>"; };
		D70483C31FCC4AD4EDE872C2 /* Pods_Wadee_Instagram.framework */ = {isa = PBXFileReference; explicitFileType = wrapper.framework; includeInIndex = 0; path = Pods_Wadee_Instagram.framework; sourceTree = BUILT_PRODUCTS_DIR; };
		EC2860A899B17026B9F13E4C /* Pods_Wadee_InstagramUITests.framework */ = {isa = PBXFileReference; explicitFileType = wrapper.framework; includeInIndex = 0; path = Pods_Wadee_InstagramUITests.framework; sourceTree = BUILT_PRODUCTS_DIR; };
		F91A6871D9713DA908D30AA1 /* Pods_Wadee_InstagramTests.framework */ = {isa = PBXFileReference; explicitFileType = wrapper.framework; includeInIndex = 0; path = Pods_Wadee_InstagramTests.framework; sourceTree = BUILT_PRODUCTS_DIR; };
/* End PBXFileReference section */

/* Begin PBXFrameworksBuildPhase section */
		582530E52036FBFB003AB8A4 /* Frameworks */ = {
			isa = PBXFrameworksBuildPhase;
			buildActionMask = 2147483647;
			files = (
				AAE24F70E3D37958F420FC25 /* Pods_Wadee_Instagram.framework in Frameworks */,
				3DE7553F1916197A13AA43ED /* Pods_Wadee_Instagram.framework in Frameworks */,
			);
			runOnlyForDeploymentPostprocessing = 0;
		};
		582530F92036FBFB003AB8A4 /* Frameworks */ = {
			isa = PBXFrameworksBuildPhase;
			buildActionMask = 2147483647;
			files = (
				A6AAD14DAF1CAE7EF48480F1 /* Pods_Wadee_InstagramTests.framework in Frameworks */,
			);
			runOnlyForDeploymentPostprocessing = 0;
		};
		582531042036FBFB003AB8A4 /* Frameworks */ = {
			isa = PBXFrameworksBuildPhase;
			buildActionMask = 2147483647;
			files = (
				E2240F3B1532A3EC5EEE1B02 /* Pods_Wadee_InstagramUITests.framework in Frameworks */,
			);
			runOnlyForDeploymentPostprocessing = 0;
		};
		582F135E20420334000395E8 /* Frameworks */ = {
			isa = PBXFrameworksBuildPhase;
			buildActionMask = 2147483647;
			files = (
			);
			runOnlyForDeploymentPostprocessing = 0;
		};
/* End PBXFrameworksBuildPhase section */

/* Begin PBXGroup section */
		1292696A0601FF1BE04FC7CA /* Frameworks */ = {
			isa = PBXGroup;
			children = (
				D70483C31FCC4AD4EDE872C2 /* Pods_Wadee_Instagram.framework */,
				F91A6871D9713DA908D30AA1 /* Pods_Wadee_InstagramTests.framework */,
				EC2860A899B17026B9F13E4C /* Pods_Wadee_InstagramUITests.framework */,
			);
			name = Frameworks;
			sourceTree = "<group>";
		};
		58120B842043E6FC004C9C01 /* Cells */ = {
			isa = PBXGroup;
			children = (
				58120B852043E713004C9C01 /* ProfileCollectionViewHeaderCell.swift */,
				583D1F31206E3A0500748F0A /* ProfileImagePostCollectionViewCell.swift */,
			);
			path = Cells;
			sourceTree = "<group>";
		};
		5813AD72203D45D900149551 /* StubbedResponses */ = {
			isa = PBXGroup;
			children = (
				5813AD73203D460500149551 /* login.json */,
				589DB8D2203F4CFB005CB8CC /* signup.json */,
			);
			path = StubbedResponses;
			sourceTree = "<group>";
		};
		5813AD75203D477B00149551 /* Networking */ = {
			isa = PBXGroup;
			children = (
				5813AD78203D4C8800149551 /* Networking.swift */,
				58D8157B2040B1C600E9F58E /* NetworkLayer.swift */,
				58D8157D2040B37800E9F58E /* SimpleNetworkUtility.swift */,
			);
			path = Networking;
			sourceTree = "<group>";
		};
		582530DF2036FBFB003AB8A4 = {
			isa = PBXGroup;
			children = (
				582530EA2036FBFB003AB8A4 /* Wadee_Instagram */,
				582530FF2036FBFB003AB8A4 /* Wadee_InstagramTests */,
				5825310A2036FBFB003AB8A4 /* Wadee_InstagramUITests */,
				582530E92036FBFB003AB8A4 /* Products */,
				661970E0324132B2EAE6D459 /* Pods */,
				1292696A0601FF1BE04FC7CA /* Frameworks */,
				582F136C20420335000395E8 /* Wadee_Instagram copy-Info.plist */,
			);
			sourceTree = "<group>";
		};
		582530E92036FBFB003AB8A4 /* Products */ = {
			isa = PBXGroup;
			children = (
				582530E82036FBFB003AB8A4 /* Wadee_Instagram.app */,
				582530FC2036FBFB003AB8A4 /* Wadee_InstagramTests.xctest */,
				582531072036FBFB003AB8A4 /* Wadee_InstagramUITests.xctest */,
				582F136B20420334000395E8 /* Wadee_Instagram Dev.app */,
			);
			name = Products;
			sourceTree = "<group>";
		};
		582530EA2036FBFB003AB8A4 /* Wadee_Instagram */ = {
			isa = PBXGroup;
			children = (
				58E540712052EDAB00F461E3 /* Common */,
				5813AD75203D477B00149551 /* Networking */,
				582530F72036FBFB003AB8A4 /* Info.plist */,
				58D05AAF203B5EE1005B0298 /* ViewControllers */,
				58D05AA8203B598A005B0298 /* Views */,
				58D05AA7203B597B005B0298 /* Protocols */,
				58D05AA6203B5971005B0298 /* Models */,
				582530EB2036FBFB003AB8A4 /* AppDelegate.swift */,
			);
			path = Wadee_Instagram;
			sourceTree = "<group>";
		};
		582530FF2036FBFB003AB8A4 /* Wadee_InstagramTests */ = {
			isa = PBXGroup;
			children = (
				582531002036FBFB003AB8A4 /* Wadee_InstagramTests.swift */,
				582531022036FBFB003AB8A4 /* Info.plist */,
			);
			path = Wadee_InstagramTests;
			sourceTree = "<group>";
		};
		5825310A2036FBFB003AB8A4 /* Wadee_InstagramUITests */ = {
			isa = PBXGroup;
			children = (
				5825310B2036FBFB003AB8A4 /* Wadee_InstagramUITests.swift */,
				5825310D2036FBFB003AB8A4 /* Info.plist */,
			);
			path = Wadee_InstagramUITests;
			sourceTree = "<group>";
		};
		582F133C2041F0C2000395E8 /* UserProfile */ = {
			isa = PBXGroup;
			children = (
				58120B842043E6FC004C9C01 /* Cells */,
				582F133D2041F0DD000395E8 /* ProfileViewController.swift */,
				582F133F2041F269000395E8 /* ProfileViewModel.swift */,
				58120B872043E79A004C9C01 /* HeaderCellViewModel.swift */,
				5891C4AD2088801A005AB5F9 /* ProfileHeaderCellViewModel.swift */,
			);
			path = UserProfile;
			sourceTree = "<group>";
		};
		587166ED203CB1510012746F /* Utils */ = {
			isa = PBXGroup;
			children = (
				587166EE203CB1600012746F /* Validator.swift */,
				583286282048795500DDACEB /* InstagramExceptions.swift */,
				58E524322083E36500266FC2 /* UserUtil.swift */,
			);
			path = Utils;
			sourceTree = "<group>";
		};
		589DB8C7203ECC67005CB8CC /* Signup */ = {
			isa = PBXGroup;
			children = (
				589DB8C8203ECC75005CB8CC /* SignupViewController.swift */,
				589DB8C5203ECC2E005CB8CC /* SignupViewModel.swift */,
			);
			path = Signup;
			sourceTree = "<group>";
		};
		589DB8CE203F3FEE005CB8CC /* Components */ = {
			isa = PBXGroup;
			children = (
				589DB8D0203F401C005CB8CC /* UserComponent.swift */,
				58B89FFE2063BA9D00C75FE2 /* UserPostComponent.swift */,
				588443EB206D3D4A0016528D /* UserProfileComponent.swift */,
				581445102075EABA00561F7A /* AuthComponent.swift */,
				58D55C5D2089DDA90016E80C /* UserFellowshipComponent.swift */,
			);
			path = Components;
			sourceTree = "<group>";
		};
		58B8A0042063C54D00C75FE2 /* Coordinators */ = {
			isa = PBXGroup;
			children = (
				58E540762052EE9200F461E3 /* PhotoSelectionCoordinator.swift */,
			);
			path = Coordinators;
			sourceTree = "<group>";
		};
		58BAE788205EDFF00015F02F /* cells */ = {
			isa = PBXGroup;
			children = (
				58CE1E9C205AD71C00BC8437 /* PhotoSelectionCell.swift */,
				58BAE786205EDFEB0015F02F /* PhotoSelectionHeaderCell.swift */,
			);
			path = cells;
			sourceTree = "<group>";
		};
		58D05AA4203B595E005B0298 /* Coordinators */ = {
			isa = PBXGroup;
			children = (
				58D05AAA203B5A60005B0298 /* Coordinator.swift */,
				58D05AAC203B5A88005B0298 /* AppCoordinator.swift */,
				58D05AB1203B5F35005B0298 /* AuthCoordinator.swift */,
				582F13412041F2CA000395E8 /* ProfileCoordinator.swift */,
				58E540692052823700F461E3 /* MainBarCoordinator.swift */,
			);
			path = Coordinators;
			sourceTree = "<group>";
		};
		58D05AA6203B5971005B0298 /* Models */ = {
			isa = PBXGroup;
			children = (
				589DB8CE203F3FEE005CB8CC /* Components */,
				58D81579204086CE00E9F58E /* User.swift */,
				58B8A0002063BE0900C75FE2 /* Post.swift */,
			);
			path = Models;
			sourceTree = "<group>";
		};
		58D05AA7203B597B005B0298 /* Protocols */ = {
			isa = PBXGroup;
			children = (
			);
			path = Protocols;
			sourceTree = "<group>";
		};
		58D05AA8203B598A005B0298 /* Views */ = {
			isa = PBXGroup;
			children = (
				582530EF2036FBFB003AB8A4 /* Main.storyboard */,
				582530F42036FBFB003AB8A4 /* LaunchScreen.storyboard */,
			);
			path = Views;
			sourceTree = "<group>";
		};
		58D05AA9203B5990005B0298 /* Configurations */ = {
			isa = PBXGroup;
			children = (
				58D815752040063000E9F58E /* Exceptions.swift */,
			);
			path = Configurations;
			sourceTree = "<group>";
		};
		58D05AAE203B5ECA005B0298 /* Resources */ = {
			isa = PBXGroup;
			children = (
				582530F22036FBFB003AB8A4 /* Assets.xcassets */,
			);
			path = Resources;
			sourceTree = "<group>";
		};
		58D05AAF203B5EE1005B0298 /* ViewControllers */ = {
			isa = PBXGroup;
			children = (
				58E540722052EDF700F461E3 /* Scenes */,
				58D05AA4203B595E005B0298 /* Coordinators */,
				582530ED2036FBFB003AB8A4 /* ViewController.swift */,
				58677282203771410037CEF3 /* RootViewController.swift */,
				58E5406720527A1200F461E3 /* InstagtamMainBarController.swift */,
				58E5406B2052A8E700F461E3 /* InstagramBaseViewModel.swift */,
			);
			path = ViewControllers;
			sourceTree = "<group>";
		};
		58D05AB0203B5EF2005B0298 /* Supporing Files */ = {
			isa = PBXGroup;
			children = (
			);
			path = "Supporing Files";
			sourceTree = "<group>";
		};
		58D05AB5203B6026005B0298 /* Login */ = {
			isa = PBXGroup;
			children = (
				58D05AB3203B601F005B0298 /* LoginViewController.swift */,
				58D05AB7203B603A005B0298 /* LoginViewModel.swift */,
			);
			path = Login;
			sourceTree = "<group>";
		};
		58D05AB9203B6190005B0298 /* Extensions */ = {
			isa = PBXGroup;
			children = (
				58D05ABA203B619E005B0298 /* UIColor.swift */,
				589DB8CC203F154E005CB8CC /* UIView.swift */,
				58D815772040180000E9F58E /* UIViewController.swift */,
				58E36F7F207F675D0006234E /* UIImageView.swift */,
			);
			path = Extensions;
			sourceTree = "<group>";
		};
		58D31F1C207A8EB000FE7E2B /* Home */ = {
			isa = PBXGroup;
			children = (
				58D31F1F207A925700FE7E2B /* Cells */,
				58D31F1D207A8EC600FE7E2B /* HomeViewController.swift */,
			);
			path = Home;
			sourceTree = "<group>";
		};
		58D31F1F207A925700FE7E2B /* Cells */ = {
			isa = PBXGroup;
			children = (
				58D31F20207A927000FE7E2B /* HomeCollectionViewCell.swift */,
			);
			path = Cells;
			sourceTree = "<group>";
		};
		58E36F81207F7EF10006234E /* SearchUsers */ = {
			isa = PBXGroup;
			children = (
				58E36F84207F89FD0006234E /* SearchUsersCollectionViewControllerCell */,
				58E36F82207F7F3E0006234E /* SearchUsersViewController.swift */,
				58E524302083D29500266FC2 /* SearchUsersCoordinator.swift */,
			);
			path = SearchUsers;
			sourceTree = "<group>";
		};
		58E36F84207F89FD0006234E /* SearchUsersCollectionViewControllerCell */ = {
			isa = PBXGroup;
			children = (
				58E36F85207F8A470006234E /* SearchUsersViewControllerCell.swift */,
			);
			path = SearchUsersCollectionViewControllerCell;
			sourceTree = "<group>";
		};
		58E540712052EDAB00F461E3 /* Common */ = {
			isa = PBXGroup;
			children = (
				5813AD72203D45D900149551 /* StubbedResponses */,
				587166ED203CB1510012746F /* Utils */,
				58D05AB9203B6190005B0298 /* Extensions */,
				58D05AB0203B5EF2005B0298 /* Supporing Files */,
				58D05AAE203B5ECA005B0298 /* Resources */,
				58D05AA9203B5990005B0298 /* Configurations */,
			);
			path = Common;
			sourceTree = "<group>";
		};
		58E540722052EDF700F461E3 /* Scenes */ = {
			isa = PBXGroup;
			children = (
				58E36F81207F7EF10006234E /* SearchUsers */,
				58D31F1C207A8EB000FE7E2B /* Home */,
				58E540732052EE3D00F461E3 /* PhotoSelection */,
				582F133C2041F0C2000395E8 /* UserProfile */,
				589DB8C7203ECC67005CB8CC /* Signup */,
				58D05AB5203B6026005B0298 /* Login */,
			);
			path = Scenes;
			sourceTree = "<group>";
		};
		58E540732052EE3D00F461E3 /* PhotoSelection */ = {
			isa = PBXGroup;
			children = (
				58B8A0042063C54D00C75FE2 /* Coordinators */,
				58BAE788205EDFF00015F02F /* cells */,
				58E540742052EE6300F461E3 /* PhotoSelectionViewController.swift */,
				58E540782052EEDE00F461E3 /* PhotoSelectionViewModel.swift */,
				58BAE789205EF83B0015F02F /* PhotoSharingViewController.swift */,
				58B8A0022063C43E00C75FE2 /* SharePhotoViewModel.swift */,
			);
			path = PhotoSelection;
			sourceTree = "<group>";
		};
		661970E0324132B2EAE6D459 /* Pods */ = {
			isa = PBXGroup;
			children = (
				680D2EB7FF6459C38A47AC04 /* Pods-Wadee_InstagramTests.debug.xcconfig */,
				B81413816D17622E25DDAAF1 /* Pods-Wadee_InstagramTests.release.xcconfig */,
				9F9DCA5E77D323522207C761 /* Pods-Wadee_InstagramUITests.debug.xcconfig */,
				71ACC45E117715F738ECB770 /* Pods-Wadee_InstagramUITests.release.xcconfig */,
				657DAFFA57BADBA60E4349B0 /* Pods-Wadee_Instagram.debug.xcconfig */,
				86176208F8C52A95564DE2CB /* Pods-Wadee_Instagram.release.xcconfig */,
			);
			name = Pods;
			sourceTree = "<group>";
		};
/* End PBXGroup section */

/* Begin PBXNativeTarget section */
		582530E72036FBFB003AB8A4 /* Wadee_Instagram */ = {
			isa = PBXNativeTarget;
			buildConfigurationList = 582531102036FBFB003AB8A4 /* Build configuration list for PBXNativeTarget "Wadee_Instagram" */;
			buildPhases = (
				BA30B8B4EC783CA3A30D16E4 /* [CP] Check Pods Manifest.lock */,
				582530E42036FBFB003AB8A4 /* Sources */,
				582530E52036FBFB003AB8A4 /* Frameworks */,
				582530E62036FBFB003AB8A4 /* Resources */,
				3A9D7D348C13FF2A2D0A94AD /* [CP] Embed Pods Frameworks */,
				AE7F7B558580657982FAA004 /* [CP] Copy Pods Resources */,
			);
			buildRules = (
			);
			dependencies = (
			);
			name = Wadee_Instagram;
			productName = Wadee_Instagram;
			productReference = 582530E82036FBFB003AB8A4 /* Wadee_Instagram.app */;
			productType = "com.apple.product-type.application";
		};
		582530FB2036FBFB003AB8A4 /* Wadee_InstagramTests */ = {
			isa = PBXNativeTarget;
			buildConfigurationList = 582531132036FBFB003AB8A4 /* Build configuration list for PBXNativeTarget "Wadee_InstagramTests" */;
			buildPhases = (
				CFBFAF7CDDE82BC98EC246C7 /* [CP] Check Pods Manifest.lock */,
				582530F82036FBFB003AB8A4 /* Sources */,
				582530F92036FBFB003AB8A4 /* Frameworks */,
				582530FA2036FBFB003AB8A4 /* Resources */,
				189689188F4275480E0D438C /* [CP] Embed Pods Frameworks */,
				0A883918F7933968471E9534 /* [CP] Copy Pods Resources */,
			);
			buildRules = (
			);
			dependencies = (
				582530FE2036FBFB003AB8A4 /* PBXTargetDependency */,
			);
			name = Wadee_InstagramTests;
			productName = Wadee_InstagramTests;
			productReference = 582530FC2036FBFB003AB8A4 /* Wadee_InstagramTests.xctest */;
			productType = "com.apple.product-type.bundle.unit-test";
		};
		582531062036FBFB003AB8A4 /* Wadee_InstagramUITests */ = {
			isa = PBXNativeTarget;
			buildConfigurationList = 582531162036FBFB003AB8A4 /* Build configuration list for PBXNativeTarget "Wadee_InstagramUITests" */;
			buildPhases = (
				6D96ABD1CC8C4F794B9DBE6E /* [CP] Check Pods Manifest.lock */,
				582531032036FBFB003AB8A4 /* Sources */,
				582531042036FBFB003AB8A4 /* Frameworks */,
				582531052036FBFB003AB8A4 /* Resources */,
				BE642BE31023C63F87342741 /* [CP] Embed Pods Frameworks */,
				8C67AB940DE9DF0635E99E02 /* [CP] Copy Pods Resources */,
			);
			buildRules = (
			);
			dependencies = (
				582531092036FBFB003AB8A4 /* PBXTargetDependency */,
			);
			name = Wadee_InstagramUITests;
			productName = Wadee_InstagramUITests;
			productReference = 582531072036FBFB003AB8A4 /* Wadee_InstagramUITests.xctest */;
			productType = "com.apple.product-type.bundle.ui-testing";
		};
		582F134320420334000395E8 /* Wadee_Instagram Dev */ = {
			isa = PBXNativeTarget;
			buildConfigurationList = 582F136820420334000395E8 /* Build configuration list for PBXNativeTarget "Wadee_Instagram Dev" */;
			buildPhases = (
				582F134520420334000395E8 /* Sources */,
				582F135E20420334000395E8 /* Frameworks */,
				582F136020420334000395E8 /* Resources */,
			);
			buildRules = (
			);
			dependencies = (
			);
			name = "Wadee_Instagram Dev";
			productName = Wadee_Instagram;
			productReference = 582F136B20420334000395E8 /* Wadee_Instagram Dev.app */;
			productType = "com.apple.product-type.application";
		};
/* End PBXNativeTarget section */

/* Begin PBXProject section */
		582530E02036FBFB003AB8A4 /* Project object */ = {
			isa = PBXProject;
			attributes = {
				LastSwiftUpdateCheck = 0920;
				LastUpgradeCheck = 0920;
				ORGANIZATIONNAME = "Wadee AbuZant";
				TargetAttributes = {
					582530E72036FBFB003AB8A4 = {
						CreatedOnToolsVersion = 9.2;
						ProvisioningStyle = Automatic;
					};
					582530FB2036FBFB003AB8A4 = {
						CreatedOnToolsVersion = 9.2;
						ProvisioningStyle = Automatic;
						TestTargetID = 582530E72036FBFB003AB8A4;
					};
					582531062036FBFB003AB8A4 = {
						CreatedOnToolsVersion = 9.2;
						ProvisioningStyle = Automatic;
						TestTargetID = 582530E72036FBFB003AB8A4;
					};
					582F134320420334000395E8 = {
						ProvisioningStyle = Automatic;
					};
				};
			};
			buildConfigurationList = 582530E32036FBFB003AB8A4 /* Build configuration list for PBXProject "Wadee_Instagram" */;
			compatibilityVersion = "Xcode 8.0";
			developmentRegion = en;
			hasScannedForEncodings = 0;
			knownRegions = (
				en,
				Base,
			);
			mainGroup = 582530DF2036FBFB003AB8A4;
			productRefGroup = 582530E92036FBFB003AB8A4 /* Products */;
			projectDirPath = "";
			projectRoot = "";
			targets = (
				582530E72036FBFB003AB8A4 /* Wadee_Instagram */,
				582530FB2036FBFB003AB8A4 /* Wadee_InstagramTests */,
				582531062036FBFB003AB8A4 /* Wadee_InstagramUITests */,
				582F134320420334000395E8 /* Wadee_Instagram Dev */,
			);
		};
/* End PBXProject section */

/* Begin PBXResourcesBuildPhase section */
		582530E62036FBFB003AB8A4 /* Resources */ = {
			isa = PBXResourcesBuildPhase;
			buildActionMask = 2147483647;
			files = (
				589DB8D3203F4CFB005CB8CC /* signup.json in Resources */,
				582530F62036FBFB003AB8A4 /* LaunchScreen.storyboard in Resources */,
				582530F32036FBFB003AB8A4 /* Assets.xcassets in Resources */,
				582530F12036FBFB003AB8A4 /* Main.storyboard in Resources */,
				5813AD74203D460500149551 /* login.json in Resources */,
			);
			runOnlyForDeploymentPostprocessing = 0;
		};
		582530FA2036FBFB003AB8A4 /* Resources */ = {
			isa = PBXResourcesBuildPhase;
			buildActionMask = 2147483647;
			files = (
			);
			runOnlyForDeploymentPostprocessing = 0;
		};
		582531052036FBFB003AB8A4 /* Resources */ = {
			isa = PBXResourcesBuildPhase;
			buildActionMask = 2147483647;
			files = (
			);
			runOnlyForDeploymentPostprocessing = 0;
		};
		582F136020420334000395E8 /* Resources */ = {
			isa = PBXResourcesBuildPhase;
			buildActionMask = 2147483647;
			files = (
				582F136120420334000395E8 /* signup.json in Resources */,
				582F136220420334000395E8 /* LaunchScreen.storyboard in Resources */,
				582F136320420334000395E8 /* Assets.xcassets in Resources */,
				582F136420420334000395E8 /* Main.storyboard in Resources */,
				582F136520420334000395E8 /* login.json in Resources */,
			);
			runOnlyForDeploymentPostprocessing = 0;
		};
/* End PBXResourcesBuildPhase section */

/* Begin PBXShellScriptBuildPhase section */
		0A883918F7933968471E9534 /* [CP] Copy Pods Resources */ = {
			isa = PBXShellScriptBuildPhase;
			buildActionMask = 2147483647;
			files = (
			);
			inputPaths = (
			);
			name = "[CP] Copy Pods Resources";
			outputPaths = (
			);
			runOnlyForDeploymentPostprocessing = 0;
			shellPath = /bin/sh;
			shellScript = "\"${SRCROOT}/Pods/Target Support Files/Pods-Wadee_InstagramTests/Pods-Wadee_InstagramTests-resources.sh\"\n";
			showEnvVarsInLog = 0;
		};
		189689188F4275480E0D438C /* [CP] Embed Pods Frameworks */ = {
			isa = PBXShellScriptBuildPhase;
			buildActionMask = 2147483647;
			files = (
			);
			inputPaths = (
			);
			name = "[CP] Embed Pods Frameworks";
			outputPaths = (
			);
			runOnlyForDeploymentPostprocessing = 0;
			shellPath = /bin/sh;
			shellScript = "\"${SRCROOT}/Pods/Target Support Files/Pods-Wadee_InstagramTests/Pods-Wadee_InstagramTests-frameworks.sh\"\n";
			showEnvVarsInLog = 0;
		};
		3A9D7D348C13FF2A2D0A94AD /* [CP] Embed Pods Frameworks */ = {
			isa = PBXShellScriptBuildPhase;
			buildActionMask = 2147483647;
			files = (
			);
			inputPaths = (
				"${SRCROOT}/Pods/Target Support Files/Pods-Wadee_Instagram/Pods-Wadee_Instagram-frameworks.sh",
				"${BUILT_PRODUCTS_DIR}/Alamofire/Alamofire.framework",
				"${BUILT_PRODUCTS_DIR}/AlamofireImage/AlamofireImage.framework",
				"${BUILT_PRODUCTS_DIR}/SnapKit/SnapKit.framework",
				"${BUILT_PRODUCTS_DIR}/SwiftyJSON/SwiftyJSON.framework",
			);
			name = "[CP] Embed Pods Frameworks";
			outputPaths = (
				"${TARGET_BUILD_DIR}/${FRAMEWORKS_FOLDER_PATH}/Alamofire.framework",
				"${TARGET_BUILD_DIR}/${FRAMEWORKS_FOLDER_PATH}/AlamofireImage.framework",
				"${TARGET_BUILD_DIR}/${FRAMEWORKS_FOLDER_PATH}/SnapKit.framework",
				"${TARGET_BUILD_DIR}/${FRAMEWORKS_FOLDER_PATH}/SwiftyJSON.framework",
			);
			runOnlyForDeploymentPostprocessing = 0;
			shellPath = /bin/sh;
			shellScript = "\"${SRCROOT}/Pods/Target Support Files/Pods-Wadee_Instagram/Pods-Wadee_Instagram-frameworks.sh\"\n";
			showEnvVarsInLog = 0;
		};
		6D96ABD1CC8C4F794B9DBE6E /* [CP] Check Pods Manifest.lock */ = {
			isa = PBXShellScriptBuildPhase;
			buildActionMask = 2147483647;
			files = (
			);
			inputPaths = (
				"${PODS_PODFILE_DIR_PATH}/Podfile.lock",
				"${PODS_ROOT}/Manifest.lock",
			);
			name = "[CP] Check Pods Manifest.lock";
			outputPaths = (
				"$(DERIVED_FILE_DIR)/Pods-Wadee_InstagramUITests-checkManifestLockResult.txt",
			);
			runOnlyForDeploymentPostprocessing = 0;
			shellPath = /bin/sh;
			shellScript = "diff \"${PODS_PODFILE_DIR_PATH}/Podfile.lock\" \"${PODS_ROOT}/Manifest.lock\" > /dev/null\nif [ $? != 0 ] ; then\n    # print error to STDERR\n    echo \"error: The sandbox is not in sync with the Podfile.lock. Run 'pod install' or update your CocoaPods installation.\" >&2\n    exit 1\nfi\n# This output is used by Xcode 'outputs' to avoid re-running this script phase.\necho \"SUCCESS\" > \"${SCRIPT_OUTPUT_FILE_0}\"\n";
			showEnvVarsInLog = 0;
		};
		8C67AB940DE9DF0635E99E02 /* [CP] Copy Pods Resources */ = {
			isa = PBXShellScriptBuildPhase;
			buildActionMask = 2147483647;
			files = (
			);
			inputPaths = (
			);
			name = "[CP] Copy Pods Resources";
			outputPaths = (
			);
			runOnlyForDeploymentPostprocessing = 0;
			shellPath = /bin/sh;
			shellScript = "\"${SRCROOT}/Pods/Target Support Files/Pods-Wadee_InstagramUITests/Pods-Wadee_InstagramUITests-resources.sh\"\n";
			showEnvVarsInLog = 0;
		};
		AE7F7B558580657982FAA004 /* [CP] Copy Pods Resources */ = {
			isa = PBXShellScriptBuildPhase;
			buildActionMask = 2147483647;
			files = (
			);
			inputPaths = (
			);
			name = "[CP] Copy Pods Resources";
			outputPaths = (
			);
			runOnlyForDeploymentPostprocessing = 0;
			shellPath = /bin/sh;
			shellScript = "\"${SRCROOT}/Pods/Target Support Files/Pods-Wadee_Instagram/Pods-Wadee_Instagram-resources.sh\"\n";
			showEnvVarsInLog = 0;
		};
		BA30B8B4EC783CA3A30D16E4 /* [CP] Check Pods Manifest.lock */ = {
			isa = PBXShellScriptBuildPhase;
			buildActionMask = 2147483647;
			files = (
			);
			inputPaths = (
				"${PODS_PODFILE_DIR_PATH}/Podfile.lock",
				"${PODS_ROOT}/Manifest.lock",
			);
			name = "[CP] Check Pods Manifest.lock";
			outputPaths = (
				"$(DERIVED_FILE_DIR)/Pods-Wadee_Instagram-checkManifestLockResult.txt",
			);
			runOnlyForDeploymentPostprocessing = 0;
			shellPath = /bin/sh;
			shellScript = "diff \"${PODS_PODFILE_DIR_PATH}/Podfile.lock\" \"${PODS_ROOT}/Manifest.lock\" > /dev/null\nif [ $? != 0 ] ; then\n    # print error to STDERR\n    echo \"error: The sandbox is not in sync with the Podfile.lock. Run 'pod install' or update your CocoaPods installation.\" >&2\n    exit 1\nfi\n# This output is used by Xcode 'outputs' to avoid re-running this script phase.\necho \"SUCCESS\" > \"${SCRIPT_OUTPUT_FILE_0}\"\n";
			showEnvVarsInLog = 0;
		};
		BE642BE31023C63F87342741 /* [CP] Embed Pods Frameworks */ = {
			isa = PBXShellScriptBuildPhase;
			buildActionMask = 2147483647;
			files = (
			);
			inputPaths = (
			);
			name = "[CP] Embed Pods Frameworks";
			outputPaths = (
			);
			runOnlyForDeploymentPostprocessing = 0;
			shellPath = /bin/sh;
			shellScript = "\"${SRCROOT}/Pods/Target Support Files/Pods-Wadee_InstagramUITests/Pods-Wadee_InstagramUITests-frameworks.sh\"\n";
			showEnvVarsInLog = 0;
		};
		CFBFAF7CDDE82BC98EC246C7 /* [CP] Check Pods Manifest.lock */ = {
			isa = PBXShellScriptBuildPhase;
			buildActionMask = 2147483647;
			files = (
			);
			inputPaths = (
				"${PODS_PODFILE_DIR_PATH}/Podfile.lock",
				"${PODS_ROOT}/Manifest.lock",
			);
			name = "[CP] Check Pods Manifest.lock";
			outputPaths = (
				"$(DERIVED_FILE_DIR)/Pods-Wadee_InstagramTests-checkManifestLockResult.txt",
			);
			runOnlyForDeploymentPostprocessing = 0;
			shellPath = /bin/sh;
			shellScript = "diff \"${PODS_PODFILE_DIR_PATH}/Podfile.lock\" \"${PODS_ROOT}/Manifest.lock\" > /dev/null\nif [ $? != 0 ] ; then\n    # print error to STDERR\n    echo \"error: The sandbox is not in sync with the Podfile.lock. Run 'pod install' or update your CocoaPods installation.\" >&2\n    exit 1\nfi\n# This output is used by Xcode 'outputs' to avoid re-running this script phase.\necho \"SUCCESS\" > \"${SCRIPT_OUTPUT_FILE_0}\"\n";
			showEnvVarsInLog = 0;
		};
/* End PBXShellScriptBuildPhase section */

/* Begin PBXSourcesBuildPhase section */
		582530E42036FBFB003AB8A4 /* Sources */ = {
			isa = PBXSourcesBuildPhase;
			buildActionMask = 2147483647;
			files = (
				58D815762040063000E9F58E /* Exceptions.swift in Sources */,
				589DB8D1203F401C005CB8CC /* UserComponent.swift in Sources */,
				58D815782040180000E9F58E /* UIViewController.swift in Sources */,
				583D1F32206E3A0500748F0A /* ProfileImagePostCollectionViewCell.swift in Sources */,
				58D31F21207A927000FE7E2B /* HomeCollectionViewCell.swift in Sources */,
				58E36F80207F675D0006234E /* UIImageView.swift in Sources */,
				58D8157E2040B37800E9F58E /* SimpleNetworkUtility.swift in Sources */,
				589DB8CD203F154E005CB8CC /* UIView.swift in Sources */,
				58D05AB4203B601F005B0298 /* LoginViewController.swift in Sources */,
				58120B862043E713004C9C01 /* ProfileCollectionViewHeaderCell.swift in Sources */,
				58D55C5E2089DDA90016E80C /* UserFellowshipComponent.swift in Sources */,
				58E540752052EE6300F461E3 /* PhotoSelectionViewController.swift in Sources */,
				581445112075EABA00561F7A /* AuthComponent.swift in Sources */,
				58B89FFF2063BA9D00C75FE2 /* UserPostComponent.swift in Sources */,
				58E5406820527A1200F461E3 /* InstagtamMainBarController.swift in Sources */,
				58E5406C2052A8E700F461E3 /* InstagramBaseViewModel.swift in Sources */,
				582F133E2041F0DD000395E8 /* ProfileViewController.swift in Sources */,
				5891C4AE2088801A005AB5F9 /* ProfileHeaderCellViewModel.swift in Sources */,
				58D05AAB203B5A60005B0298 /* Coordinator.swift in Sources */,
				587166EF203CB1600012746F /* Validator.swift in Sources */,
				5813AD79203D4C8800149551 /* Networking.swift in Sources */,
				58E524332083E36500266FC2 /* UserUtil.swift in Sources */,
				58D8157C2040B1C600E9F58E /* NetworkLayer.swift in Sources */,
				58D31F1E207A8EC600FE7E2B /* HomeViewController.swift in Sources */,
				58E36F83207F7F3E0006234E /* SearchUsersViewController.swift in Sources */,
				582530EE2036FBFB003AB8A4 /* ViewController.swift in Sources */,
				58D05AAD203B5A88005B0298 /* AppCoordinator.swift in Sources */,
				58D05ABB203B619E005B0298 /* UIColor.swift in Sources */,
				58BAE78A205EF83B0015F02F /* PhotoSharingViewController.swift in Sources */,
				58E540792052EEDE00F461E3 /* PhotoSelectionViewModel.swift in Sources */,
				583286292048795500DDACEB /* InstagramExceptions.swift in Sources */,
				58B8A0012063BE0900C75FE2 /* Post.swift in Sources */,
				582F13402041F269000395E8 /* ProfileViewModel.swift in Sources */,
				58B8A0032063C43E00C75FE2 /* SharePhotoViewModel.swift in Sources */,
				582F13422041F2CA000395E8 /* ProfileCoordinator.swift in Sources */,
				58E36F86207F8A470006234E /* SearchUsersViewControllerCell.swift in Sources */,
				58CE1E9D205AD71C00BC8437 /* PhotoSelectionCell.swift in Sources */,
				589DB8C9203ECC75005CB8CC /* SignupViewController.swift in Sources */,
				58D05AB8203B603A005B0298 /* LoginViewModel.swift in Sources */,
				588443EC206D3D4A0016528D /* UserProfileComponent.swift in Sources */,
				589DB8C6203ECC2E005CB8CC /* SignupViewModel.swift in Sources */,
				58D05AB2203B5F35005B0298 /* AuthCoordinator.swift in Sources */,
				582530EC2036FBFB003AB8A4 /* AppDelegate.swift in Sources */,
				58E5406A2052823700F461E3 /* MainBarCoordinator.swift in Sources */,
				58BAE787205EDFEB0015F02F /* PhotoSelectionHeaderCell.swift in Sources */,
				58677283203771410037CEF3 /* RootViewController.swift in Sources */,
				58D8157A204086CE00E9F58E /* User.swift in Sources */,
				58E540772052EE9200F461E3 /* PhotoSelectionCoordinator.swift in Sources */,
				58120B882043E79A004C9C01 /* HeaderCellViewModel.swift in Sources */,
				58E524312083D29500266FC2 /* SearchUsersCoordinator.swift in Sources */,
			);
			runOnlyForDeploymentPostprocessing = 0;
		};
		582530F82036FBFB003AB8A4 /* Sources */ = {
			isa = PBXSourcesBuildPhase;
			buildActionMask = 2147483647;
			files = (
				582531012036FBFB003AB8A4 /* Wadee_InstagramTests.swift in Sources */,
			);
			runOnlyForDeploymentPostprocessing = 0;
		};
		582531032036FBFB003AB8A4 /* Sources */ = {
			isa = PBXSourcesBuildPhase;
			buildActionMask = 2147483647;
			files = (
				5825310C2036FBFB003AB8A4 /* Wadee_InstagramUITests.swift in Sources */,
			);
			runOnlyForDeploymentPostprocessing = 0;
		};
		582F134520420334000395E8 /* Sources */ = {
			isa = PBXSourcesBuildPhase;
			buildActionMask = 2147483647;
			files = (
				582F134620420334000395E8 /* Exceptions.swift in Sources */,
				582F134720420334000395E8 /* UserComponent.swift in Sources */,
				582F134820420334000395E8 /* UIViewController.swift in Sources */,
				582F134920420334000395E8 /* SimpleNetworkUtility.swift in Sources */,
				582F134A20420334000395E8 /* UIView.swift in Sources */,
				582F134B20420334000395E8 /* LoginViewController.swift in Sources */,
				582F134C20420334000395E8 /* ProfileViewController.swift in Sources */,
				582F134D20420334000395E8 /* Coordinator.swift in Sources */,
				582F134E20420334000395E8 /* Validator.swift in Sources */,
				582F134F20420334000395E8 /* Networking.swift in Sources */,
				582F135020420334000395E8 /* NetworkLayer.swift in Sources */,
				582F135220420334000395E8 /* ViewController.swift in Sources */,
				582F135320420334000395E8 /* AppCoordinator.swift in Sources */,
				582F135420420334000395E8 /* UIColor.swift in Sources */,
				582F135520420334000395E8 /* ProfileViewModel.swift in Sources */,
				582F135620420334000395E8 /* ProfileCoordinator.swift in Sources */,
				582F135720420334000395E8 /* SignupViewController.swift in Sources */,
				582F135820420334000395E8 /* LoginViewModel.swift in Sources */,
				582F135920420334000395E8 /* SignupViewModel.swift in Sources */,
				582F135A20420334000395E8 /* AuthCoordinator.swift in Sources */,
				582F135B20420334000395E8 /* AppDelegate.swift in Sources */,
				582F135C20420334000395E8 /* RootViewController.swift in Sources */,
				582F135D20420334000395E8 /* User.swift in Sources */,
			);
			runOnlyForDeploymentPostprocessing = 0;
		};
/* End PBXSourcesBuildPhase section */

/* Begin PBXTargetDependency section */
		582530FE2036FBFB003AB8A4 /* PBXTargetDependency */ = {
			isa = PBXTargetDependency;
			target = 582530E72036FBFB003AB8A4 /* Wadee_Instagram */;
			targetProxy = 582530FD2036FBFB003AB8A4 /* PBXContainerItemProxy */;
		};
		582531092036FBFB003AB8A4 /* PBXTargetDependency */ = {
			isa = PBXTargetDependency;
			target = 582530E72036FBFB003AB8A4 /* Wadee_Instagram */;
			targetProxy = 582531082036FBFB003AB8A4 /* PBXContainerItemProxy */;
		};
/* End PBXTargetDependency section */

/* Begin PBXVariantGroup section */
		582530EF2036FBFB003AB8A4 /* Main.storyboard */ = {
			isa = PBXVariantGroup;
			children = (
				582530F02036FBFB003AB8A4 /* Base */,
			);
			name = Main.storyboard;
			sourceTree = "<group>";
		};
		582530F42036FBFB003AB8A4 /* LaunchScreen.storyboard */ = {
			isa = PBXVariantGroup;
			children = (
				582530F52036FBFB003AB8A4 /* Base */,
			);
			name = LaunchScreen.storyboard;
			sourceTree = "<group>";
		};
/* End PBXVariantGroup section */

/* Begin XCBuildConfiguration section */
		5825310E2036FBFB003AB8A4 /* Debug */ = {
			isa = XCBuildConfiguration;
			buildSettings = {
				ALWAYS_SEARCH_USER_PATHS = NO;
				CLANG_ANALYZER_NONNULL = YES;
				CLANG_ANALYZER_NUMBER_OBJECT_CONVERSION = YES_AGGRESSIVE;
				CLANG_CXX_LANGUAGE_STANDARD = "gnu++14";
				CLANG_CXX_LIBRARY = "libc++";
				CLANG_ENABLE_MODULES = YES;
				CLANG_ENABLE_OBJC_ARC = YES;
				CLANG_WARN_BLOCK_CAPTURE_AUTORELEASING = YES;
				CLANG_WARN_BOOL_CONVERSION = YES;
				CLANG_WARN_COMMA = YES;
				CLANG_WARN_CONSTANT_CONVERSION = YES;
				CLANG_WARN_DIRECT_OBJC_ISA_USAGE = YES_ERROR;
				CLANG_WARN_DOCUMENTATION_COMMENTS = YES;
				CLANG_WARN_EMPTY_BODY = YES;
				CLANG_WARN_ENUM_CONVERSION = YES;
				CLANG_WARN_INFINITE_RECURSION = YES;
				CLANG_WARN_INT_CONVERSION = YES;
				CLANG_WARN_NON_LITERAL_NULL_CONVERSION = YES;
				CLANG_WARN_OBJC_LITERAL_CONVERSION = YES;
				CLANG_WARN_OBJC_ROOT_CLASS = YES_ERROR;
				CLANG_WARN_RANGE_LOOP_ANALYSIS = YES;
				CLANG_WARN_STRICT_PROTOTYPES = YES;
				CLANG_WARN_SUSPICIOUS_MOVE = YES;
				CLANG_WARN_UNGUARDED_AVAILABILITY = YES_AGGRESSIVE;
				CLANG_WARN_UNREACHABLE_CODE = YES;
				CLANG_WARN__DUPLICATE_METHOD_MATCH = YES;
				CODE_SIGN_IDENTITY = "iPhone Developer";
				COPY_PHASE_STRIP = NO;
				DEBUG_INFORMATION_FORMAT = dwarf;
				ENABLE_STRICT_OBJC_MSGSEND = YES;
				ENABLE_TESTABILITY = YES;
				GCC_C_LANGUAGE_STANDARD = gnu11;
				GCC_DYNAMIC_NO_PIC = NO;
				GCC_NO_COMMON_BLOCKS = YES;
				GCC_OPTIMIZATION_LEVEL = 0;
				GCC_PREPROCESSOR_DEFINITIONS = (
					"DEBUG=1",
					"$(inherited)",
				);
				GCC_WARN_64_TO_32_BIT_CONVERSION = YES;
				GCC_WARN_ABOUT_RETURN_TYPE = YES_ERROR;
				GCC_WARN_UNDECLARED_SELECTOR = YES;
				GCC_WARN_UNINITIALIZED_AUTOS = YES_AGGRESSIVE;
				GCC_WARN_UNUSED_FUNCTION = YES;
				GCC_WARN_UNUSED_VARIABLE = YES;
				IPHONEOS_DEPLOYMENT_TARGET = 11.2;
				MTL_ENABLE_DEBUG_INFO = YES;
				ONLY_ACTIVE_ARCH = YES;
				SDKROOT = iphoneos;
				SWIFT_ACTIVE_COMPILATION_CONDITIONS = DEBUG;
				SWIFT_OPTIMIZATION_LEVEL = "-Onone";
			};
			name = Debug;
		};
		5825310F2036FBFB003AB8A4 /* Release */ = {
			isa = XCBuildConfiguration;
			buildSettings = {
				ALWAYS_SEARCH_USER_PATHS = NO;
				CLANG_ANALYZER_NONNULL = YES;
				CLANG_ANALYZER_NUMBER_OBJECT_CONVERSION = YES_AGGRESSIVE;
				CLANG_CXX_LANGUAGE_STANDARD = "gnu++14";
				CLANG_CXX_LIBRARY = "libc++";
				CLANG_ENABLE_MODULES = YES;
				CLANG_ENABLE_OBJC_ARC = YES;
				CLANG_WARN_BLOCK_CAPTURE_AUTORELEASING = YES;
				CLANG_WARN_BOOL_CONVERSION = YES;
				CLANG_WARN_COMMA = YES;
				CLANG_WARN_CONSTANT_CONVERSION = YES;
				CLANG_WARN_DIRECT_OBJC_ISA_USAGE = YES_ERROR;
				CLANG_WARN_DOCUMENTATION_COMMENTS = YES;
				CLANG_WARN_EMPTY_BODY = YES;
				CLANG_WARN_ENUM_CONVERSION = YES;
				CLANG_WARN_INFINITE_RECURSION = YES;
				CLANG_WARN_INT_CONVERSION = YES;
				CLANG_WARN_NON_LITERAL_NULL_CONVERSION = YES;
				CLANG_WARN_OBJC_LITERAL_CONVERSION = YES;
				CLANG_WARN_OBJC_ROOT_CLASS = YES_ERROR;
				CLANG_WARN_RANGE_LOOP_ANALYSIS = YES;
				CLANG_WARN_STRICT_PROTOTYPES = YES;
				CLANG_WARN_SUSPICIOUS_MOVE = YES;
				CLANG_WARN_UNGUARDED_AVAILABILITY = YES_AGGRESSIVE;
				CLANG_WARN_UNREACHABLE_CODE = YES;
				CLANG_WARN__DUPLICATE_METHOD_MATCH = YES;
				CODE_SIGN_IDENTITY = "iPhone Developer";
				COPY_PHASE_STRIP = NO;
				DEBUG_INFORMATION_FORMAT = "dwarf-with-dsym";
				ENABLE_NS_ASSERTIONS = NO;
				ENABLE_STRICT_OBJC_MSGSEND = YES;
				GCC_C_LANGUAGE_STANDARD = gnu11;
				GCC_NO_COMMON_BLOCKS = YES;
				GCC_WARN_64_TO_32_BIT_CONVERSION = YES;
				GCC_WARN_ABOUT_RETURN_TYPE = YES_ERROR;
				GCC_WARN_UNDECLARED_SELECTOR = YES;
				GCC_WARN_UNINITIALIZED_AUTOS = YES_AGGRESSIVE;
				GCC_WARN_UNUSED_FUNCTION = YES;
				GCC_WARN_UNUSED_VARIABLE = YES;
				IPHONEOS_DEPLOYMENT_TARGET = 11.2;
				MTL_ENABLE_DEBUG_INFO = NO;
				SDKROOT = iphoneos;
				SWIFT_OPTIMIZATION_LEVEL = "-Owholemodule";
				VALIDATE_PRODUCT = YES;
			};
			name = Release;
		};
		582531112036FBFB003AB8A4 /* Debug */ = {
			isa = XCBuildConfiguration;
			baseConfigurationReference = 657DAFFA57BADBA60E4349B0 /* Pods-Wadee_Instagram.debug.xcconfig */;
			buildSettings = {
				ASSETCATALOG_COMPILER_APPICON_NAME = AppIcon;
				CODE_SIGN_STYLE = Automatic;
				DEVELOPMENT_TEAM = 6X23ZM2NS9;
				INFOPLIST_FILE = Wadee_Instagram/Info.plist;
				LD_RUNPATH_SEARCH_PATHS = "$(inherited) @executable_path/Frameworks";
				PRODUCT_BUNDLE_IDENTIFIER = "com.wadeesami.calc.Wadee-Instagram";
				PRODUCT_NAME = "$(TARGET_NAME)";
				SWIFT_VERSION = 4.0;
				TARGETED_DEVICE_FAMILY = "1,2";
			};
			name = Debug;
		};
		582531122036FBFB003AB8A4 /* Release */ = {
			isa = XCBuildConfiguration;
			baseConfigurationReference = 86176208F8C52A95564DE2CB /* Pods-Wadee_Instagram.release.xcconfig */;
			buildSettings = {
				ASSETCATALOG_COMPILER_APPICON_NAME = AppIcon;
				CODE_SIGN_STYLE = Automatic;
				DEVELOPMENT_TEAM = 6X23ZM2NS9;
				INFOPLIST_FILE = Wadee_Instagram/Info.plist;
				LD_RUNPATH_SEARCH_PATHS = "$(inherited) @executable_path/Frameworks";
				PRODUCT_BUNDLE_IDENTIFIER = "com.wadeesami.calc.Wadee-Instagram";
				PRODUCT_NAME = "$(TARGET_NAME)";
				SWIFT_VERSION = 4.0;
				TARGETED_DEVICE_FAMILY = "1,2";
			};
			name = Release;
		};
		582531142036FBFB003AB8A4 /* Debug */ = {
			isa = XCBuildConfiguration;
			baseConfigurationReference = 680D2EB7FF6459C38A47AC04 /* Pods-Wadee_InstagramTests.debug.xcconfig */;
			buildSettings = {
				ALWAYS_EMBED_SWIFT_STANDARD_LIBRARIES = YES;
				BUNDLE_LOADER = "$(TEST_HOST)";
				CODE_SIGN_STYLE = Automatic;
				DEVELOPMENT_TEAM = 6X23ZM2NS9;
				INFOPLIST_FILE = Wadee_InstagramTests/Info.plist;
				LD_RUNPATH_SEARCH_PATHS = "$(inherited) @executable_path/Frameworks @loader_path/Frameworks";
				PRODUCT_BUNDLE_IDENTIFIER = "com.wadeesami.calc.Wadee-InstagramTests";
				PRODUCT_NAME = "$(TARGET_NAME)";
				SWIFT_VERSION = 4.0;
				TARGETED_DEVICE_FAMILY = "1,2";
				TEST_HOST = "$(BUILT_PRODUCTS_DIR)/Wadee_Instagram.app/Wadee_Instagram";
			};
			name = Debug;
		};
		582531152036FBFB003AB8A4 /* Release */ = {
			isa = XCBuildConfiguration;
			baseConfigurationReference = B81413816D17622E25DDAAF1 /* Pods-Wadee_InstagramTests.release.xcconfig */;
			buildSettings = {
				ALWAYS_EMBED_SWIFT_STANDARD_LIBRARIES = YES;
				BUNDLE_LOADER = "$(TEST_HOST)";
				CODE_SIGN_STYLE = Automatic;
				DEVELOPMENT_TEAM = 6X23ZM2NS9;
				INFOPLIST_FILE = Wadee_InstagramTests/Info.plist;
				LD_RUNPATH_SEARCH_PATHS = "$(inherited) @executable_path/Frameworks @loader_path/Frameworks";
				PRODUCT_BUNDLE_IDENTIFIER = "com.wadeesami.calc.Wadee-InstagramTests";
				PRODUCT_NAME = "$(TARGET_NAME)";
				SWIFT_VERSION = 4.0;
				TARGETED_DEVICE_FAMILY = "1,2";
				TEST_HOST = "$(BUILT_PRODUCTS_DIR)/Wadee_Instagram.app/Wadee_Instagram";
			};
			name = Release;
		};
		582531172036FBFB003AB8A4 /* Debug */ = {
			isa = XCBuildConfiguration;
			baseConfigurationReference = 9F9DCA5E77D323522207C761 /* Pods-Wadee_InstagramUITests.debug.xcconfig */;
			buildSettings = {
				ALWAYS_EMBED_SWIFT_STANDARD_LIBRARIES = YES;
				CODE_SIGN_STYLE = Automatic;
				DEVELOPMENT_TEAM = 6X23ZM2NS9;
				INFOPLIST_FILE = Wadee_InstagramUITests/Info.plist;
				LD_RUNPATH_SEARCH_PATHS = "$(inherited) @executable_path/Frameworks @loader_path/Frameworks";
				PRODUCT_BUNDLE_IDENTIFIER = "com.wadeesami.calc.Wadee-InstagramUITests";
				PRODUCT_NAME = "$(TARGET_NAME)";
				SWIFT_VERSION = 4.0;
				TARGETED_DEVICE_FAMILY = "1,2";
				TEST_TARGET_NAME = Wadee_Instagram;
			};
			name = Debug;
		};
		582531182036FBFB003AB8A4 /* Release */ = {
			isa = XCBuildConfiguration;
			baseConfigurationReference = 71ACC45E117715F738ECB770 /* Pods-Wadee_InstagramUITests.release.xcconfig */;
			buildSettings = {
				ALWAYS_EMBED_SWIFT_STANDARD_LIBRARIES = YES;
				CODE_SIGN_STYLE = Automatic;
				DEVELOPMENT_TEAM = 6X23ZM2NS9;
				INFOPLIST_FILE = Wadee_InstagramUITests/Info.plist;
				LD_RUNPATH_SEARCH_PATHS = "$(inherited) @executable_path/Frameworks @loader_path/Frameworks";
				PRODUCT_BUNDLE_IDENTIFIER = "com.wadeesami.calc.Wadee-InstagramUITests";
				PRODUCT_NAME = "$(TARGET_NAME)";
				SWIFT_VERSION = 4.0;
				TARGETED_DEVICE_FAMILY = "1,2";
				TEST_TARGET_NAME = Wadee_Instagram;
			};
			name = Release;
		};
		582F136920420334000395E8 /* Debug */ = {
			isa = XCBuildConfiguration;
			buildSettings = {
				ASSETCATALOG_COMPILER_APPICON_NAME = AppIcon;
				CODE_SIGN_STYLE = Automatic;
				DEVELOPMENT_TEAM = 6X23ZM2NS9;
				INFOPLIST_FILE = "Wadee_Instagram copy-Info.plist";
				LD_RUNPATH_SEARCH_PATHS = "$(inherited) @executable_path/Frameworks";
				OTHER_SWIFT_FLAGS = "\"-DEVELOPMENT\"";
				PRODUCT_BUNDLE_IDENTIFIER = "com.wadeesami.calc.Wadee-Instagram";
				PRODUCT_NAME = "$(TARGET_NAME)";
				SWIFT_VERSION = 4.0;
				TARGETED_DEVICE_FAMILY = "1,2";
			};
			name = Debug;
		};
		582F136A20420334000395E8 /* Release */ = {
			isa = XCBuildConfiguration;
			buildSettings = {
				ASSETCATALOG_COMPILER_APPICON_NAME = AppIcon;
				CODE_SIGN_STYLE = Automatic;
				DEVELOPMENT_TEAM = 6X23ZM2NS9;
				INFOPLIST_FILE = "Wadee_Instagram copy-Info.plist";
				LD_RUNPATH_SEARCH_PATHS = "$(inherited) @executable_path/Frameworks";
				OTHER_SWIFT_FLAGS = "\"-DEVELOPMENT\"";
				PRODUCT_BUNDLE_IDENTIFIER = "com.wadeesami.calc.Wadee-Instagram";
				PRODUCT_NAME = "$(TARGET_NAME)";
				SWIFT_ACTIVE_COMPILATION_CONDITIONS = "";
				SWIFT_VERSION = 4.0;
				TARGETED_DEVICE_FAMILY = "1,2";
			};
			name = Release;
		};
/* End XCBuildConfiguration section */

/* Begin XCConfigurationList section */
		582530E32036FBFB003AB8A4 /* Build configuration list for PBXProject "Wadee_Instagram" */ = {
			isa = XCConfigurationList;
			buildConfigurations = (
				5825310E2036FBFB003AB8A4 /* Debug */,
				5825310F2036FBFB003AB8A4 /* Release */,
			);
			defaultConfigurationIsVisible = 0;
			defaultConfigurationName = Release;
		};
		582531102036FBFB003AB8A4 /* Build configuration list for PBXNativeTarget "Wadee_Instagram" */ = {
			isa = XCConfigurationList;
			buildConfigurations = (
				582531112036FBFB003AB8A4 /* Debug */,
				582531122036FBFB003AB8A4 /* Release */,
			);
			defaultConfigurationIsVisible = 0;
			defaultConfigurationName = Release;
		};
		582531132036FBFB003AB8A4 /* Build configuration list for PBXNativeTarget "Wadee_InstagramTests" */ = {
			isa = XCConfigurationList;
			buildConfigurations = (
				582531142036FBFB003AB8A4 /* Debug */,
				582531152036FBFB003AB8A4 /* Release */,
			);
			defaultConfigurationIsVisible = 0;
			defaultConfigurationName = Release;
		};
		582531162036FBFB003AB8A4 /* Build configuration list for PBXNativeTarget "Wadee_InstagramUITests" */ = {
			isa = XCConfigurationList;
			buildConfigurations = (
				582531172036FBFB003AB8A4 /* Debug */,
				582531182036FBFB003AB8A4 /* Release */,
			);
			defaultConfigurationIsVisible = 0;
			defaultConfigurationName = Release;
		};
		582F136820420334000395E8 /* Build configuration list for PBXNativeTarget "Wadee_Instagram Dev" */ = {
			isa = XCConfigurationList;
			buildConfigurations = (
				582F136920420334000395E8 /* Debug */,
				582F136A20420334000395E8 /* Release */,
			);
			defaultConfigurationIsVisible = 0;
			defaultConfigurationName = Release;
		};
/* End XCConfigurationList section */
	};
	rootObject = 582530E02036FBFB003AB8A4 /* Project object */;
}
